
Microsoft Visual Studio Solution File, Format Version 12.00
# Visual Studio Version 17
VisualStudioVersion = 17.5.33424.131
MinimumVisualStudioVersion = 10.0.40219.1
Project("{FAE04EC0-301F-11D3-BF4B-00C04F79EFBC}") = "ConsoleApp1", "ConsoleApp1.csproj", "{11E8CBDA-609E-4DED-8E28-5F68291308D4}"
EndProject
Global
	GlobalSection(SolutionConfigurationPlatforms) = preSolution
		Debug|Any CPU = Debug|Any CPU
		Release|Any CPU = Release|Any CPU
	EndGlobalSection
	GlobalSection(ProjectConfigurationPlatforms) = postSolution
		{11E8CBDA-609E-4DED-8E28-5F68291308D4}.Debug|Any CPU.ActiveCfg = Debug|Any CPU
		{11E8CBDA-609E-4DED-8E28-5F68291308D4}.Debug|Any CPU.Build.0 = Debug|Any CPU
		{11E8CBDA-609E-4DED-8E28-5F68291308D4}.Release|Any CPU.ActiveCfg = Release|Any CPU
		{11E8CBDA-609E-4DED-8E28-5F68291308D4}.Release|Any CPU.Build.0 = Release|Any CPU
	EndGlobalSection
	GlobalSection(SolutionProperties) = preSolution
		HideSolutionNode = FALSE
	EndGlobalSection
	GlobalSection(ExtensibilityGlobals) = postSolution
		SolutionGuid = {870D4C37-8F54-48EB-8A2E-7CC96CACF71A}
	EndGlobalSection
EndGlobal
